# This file is autogenerated, do not edit; changes may be undone by the next 'dep ensure'.


[[projects]]
  name = "github.com/davecgh/go-spew"
  packages = ["spew"]
  revision = "346938d642f2ec3594ed81d874461961cd0faa76"
  version = "v1.1.0"

[[projects]]
  name = "github.com/joho/godotenv"
  packages = ["."]
  revision = "a79fa1e548e2c689c241d10173efd51e5d689d5b"
  version = "v1.2.0"

[[projects]]
  branch = "master"
  name = "github.com/l3x/hlp"
  packages = ["."]
  revision = "b40bbcb7fd9bbfa8d6c57cd84f379809abe1cdd1"

[solve-meta]
  analyzer-name = "dep"
  analyzer-version = 1
  inputs-digest = "298b91cf015f9d5d0755b7dd643941e7717bbc383c71f8ba1b7c135aef96956d"
  solver-name = "gps-cdcl"
  solver-version = 1
