# This file is autogenerated, do not edit; changes may be undone by the next 'dep ensure'.


[[projects]]
  name = "github.com/davecgh/go-spew"
  packages = ["spew"]
  revision = "346938d642f2ec3594ed81d874461961cd0faa76"
  version = "v1.1.0"

[[projects]]
  name = "github.com/ethereum/go-ethereum"
  packages = [
    "common/hexutil",
    "crypto/sha3"
  ]
  revision = "2423ae01e0d2f853512eb2b46954b5ad0754a897"
  version = "v1.8.4"

[[projects]]
  branch = "master"
  name = "github.com/l3x/ebchain"
  packages = ["webchain/types"]
  revision = "c4bca1461b42680c533e5fef339aeaef5a3c985c"

[[projects]]
  branch = "master"
  name = "github.com/l3x/hlp"
  packages = ["."]
  revision = "5ea0d09b477c71b43a409e2f1e3183d54e96fde2"

[solve-meta]
  analyzer-name = "dep"
  analyzer-version = 1
  inputs-digest = "68794b3a72f2169a5b440dc567d3c3228b0dcf62a0ffa1adbb6815d1b5429d0c"
  solver-name = "gps-cdcl"
  solver-version = 1
